
Microsoft Visual Studio Solution File, Format Version 12.00
# Visual Studio Version 17
VisualStudioVersion = 17.4.33103.184
MinimumVisualStudioVersion = 10.0.40219.1
Project("{8BC9CEB8-8B4A-11D0-8D11-00A0C91BC942}") = "Final_Project_V5", "Final_Project_V5\Final_Project_V5.vcxproj", "{6BB66510-F041-47AC-9C89-6EC36D3C485E}"
EndProject
Global
	GlobalSection(SolutionConfigurationPlatforms) = preSolution
		Debug|x64 = Debug|x64
		Debug|x86 = Debug|x86
		Release|x64 = Release|x64
		Release|x86 = Release|x86
	EndGlobalSection
	GlobalSection(ProjectConfigurationPlatforms) = postSolution
		{6BB66510-F041-47AC-9C89-6EC36D3C485E}.Debug|x64.ActiveCfg = Debug|x64
		{6BB66510-F041-47AC-9C89-6EC36D3C485E}.Debug|x64.Build.0 = Debug|x64
		{6BB66510-F041-47AC-9C89-6EC36D3C485E}.Debug|x86.ActiveCfg = Debug|Win32
		{6BB66510-F041-47AC-9C89-6EC36D3C485E}.Debug|x86.Build.0 = Debug|Win32
		{6BB66510-F041-47AC-9C89-6EC36D3C485E}.Release|x64.ActiveCfg = Release|x64
		{6BB66510-F041-47AC-9C89-6EC36D3C485E}.Release|x64.Build.0 = Release|x64
		{6BB66510-F041-47AC-9C89-6EC36D3C485E}.Release|x86.ActiveCfg = Release|Win32
		{6BB66510-F041-47AC-9C89-6EC36D3C485E}.Release|x86.Build.0 = Release|Win32
	EndGlobalSection
	GlobalSection(SolutionProperties) = preSolution
		HideSolutionNode = FALSE
	EndGlobalSection
	GlobalSection(ExtensibilityGlobals) = postSolution
		SolutionGuid = {D2556B5E-A067-47AD-8EEC-B92DBEE11F26}
	EndGlobalSection
EndGlobal
